
Microsoft Visual Studio Solution File, Format Version 12.00
# Visual Studio Version 17
VisualStudioVersion = 17.10.35027.167
MinimumVisualStudioVersion = 10.0.40219.1
Project("{FAE04EC0-301F-11D3-BF4B-00C04F79EFBC}") = "SmartHome", "SmaprtHome\SmartHome.csproj", "{29E5DAE6-0F90-4F3E-A768-EAEECAA46F54}"
EndProject
Global
	GlobalSection(SolutionConfigurationPlatforms) = preSolution
		Debug|Any CPU = Debug|Any CPU
		Release|Any CPU = Release|Any CPU
	EndGlobalSection
	GlobalSection(ProjectConfigurationPlatforms) = postSolution
		{29E5DAE6-0F90-4F3E-A768-EAEECAA46F54}.Debug|Any CPU.ActiveCfg = Debug|Any CPU
		{29E5DAE6-0F90-4F3E-A768-EAEECAA46F54}.Debug|Any CPU.Build.0 = Debug|Any CPU
		{29E5DAE6-0F90-4F3E-A768-EAEECAA46F54}.Release|Any CPU.ActiveCfg = Release|Any CPU
		{29E5DAE6-0F90-4F3E-A768-EAEECAA46F54}.Release|Any CPU.Build.0 = Release|Any CPU
	EndGlobalSection
	GlobalSection(SolutionProperties) = preSolution
		HideSolutionNode = FALSE
	EndGlobalSection
	GlobalSection(ExtensibilityGlobals) = postSolution
		SolutionGuid = {B0CF9D84-388D-4941-87E2-1A973885F684}
	EndGlobalSection
EndGlobal
